// !$*UTF8*$!
{
	archiveVersion = 1;
	classes = {
	};
	objectVersion = 55;
	objects = {

/* Begin PBXBuildFile section */
		1CB911EAFC912F9D57A1A683 /* Pods_KR_EN_dic.framework in Frameworks */ = {isa = PBXBuildFile; fileRef = 0B314090BFBAA91408F176B1 /* Pods_KR_EN_dic.framework */; };
		E3AEB0A3277C1A86006E58FB /* KR_EN_dicApp.swift in Sources */ = {isa = PBXBuildFile; fileRef = E3AEB0A2277C1A86006E58FB /* KR_EN_dicApp.swift */; };
		E3AEB0A5277C1A86006E58FB /* ContentView.swift in Sources */ = {isa = PBXBuildFile; fileRef = E3AEB0A4277C1A86006E58FB /* ContentView.swift */; };
		E3AEB0A7277C1A87006E58FB /* Assets.xcassets in Resources */ = {isa = PBXBuildFile; fileRef = E3AEB0A6277C1A87006E58FB /* Assets.xcassets */; };
		E3AEB0AA277C1A87006E58FB /* Preview Assets.xcassets in Resources */ = {isa = PBXBuildFile; fileRef = E3AEB0A9277C1A87006E58FB /* Preview Assets.xcassets */; };
		E3AEB0B1277C33D0006E58FB /* KRDict.swift in Sources */ = {isa = PBXBuildFile; fileRef = E3AEB0B0277C33D0006E58FB /* KRDict.swift */; };
		E3C70D09277D73F100ED4D64 /* Parser.swift in Sources */ = {isa = PBXBuildFile; fileRef = E3C70D08277D73F100ED4D64 /* Parser.swift */; };
/* End PBXBuildFile section */

/* Begin PBXFileReference section */
		0281041B8D8A6936E1081ACF /* Pods-KR-EN dic.release.xcconfig */ = {isa = PBXFileReference; includeInIndex = 1; lastKnownFileType = text.xcconfig; name = "Pods-KR-EN dic.release.xcconfig"; path = "Target Support Files/Pods-KR-EN dic/Pods-KR-EN dic.release.xcconfig"; sourceTree = "<group>"; };
		0B314090BFBAA91408F176B1 /* Pods_KR_EN_dic.framework */ = {isa = PBXFileReference; explicitFileType = wrapper.framework; includeInIndex = 0; path = Pods_KR_EN_dic.framework; sourceTree = BUILT_PRODUCTS_DIR; };
		8D81AD581B0D98EE40020A74 /* Pods-KR-EN dic.debug.xcconfig */ = {isa = PBXFileReference; includeInIndex = 1; lastKnownFileType = text.xcconfig; name = "Pods-KR-EN dic.debug.xcconfig"; path = "Target Support Files/Pods-KR-EN dic/Pods-KR-EN dic.debug.xcconfig"; sourceTree = "<group>"; };
		E3AEB09F277C1A86006E58FB /* KR-EN dic.app */ = {isa = PBXFileReference; explicitFileType = wrapper.application; includeInIndex = 0; path = "KR-EN dic.app"; sourceTree = BUILT_PRODUCTS_DIR; };
		E3AEB0A2277C1A86006E58FB /* KR_EN_dicApp.swift */ = {isa = PBXFileReference; lastKnownFileType = sourcecode.swift; path = KR_EN_dicApp.swift; sourceTree = "<group>"; };
		E3AEB0A4277C1A86006E58FB /* ContentView.swift */ = {isa = PBXFileReference; lastKnownFileType = sourcecode.swift; path = ContentView.swift; sourceTree = "<group>"; };
		E3AEB0A6277C1A87006E58FB /* Assets.xcassets */ = {isa = PBXFileReference; lastKnownFileType = folder.assetcatalog; path = Assets.xcassets; sourceTree = "<group>"; };
		E3AEB0A9277C1A87006E58FB /* Preview Assets.xcassets */ = {isa = PBXFileReference; lastKnownFileType = folder.assetcatalog; path = "Preview Assets.xcassets"; sourceTree = "<group>"; };
		E3AEB0B0277C33D0006E58FB /* KRDict.swift */ = {isa = PBXFileReference; lastKnownFileType = sourcecode.swift; path = KRDict.swift; sourceTree = "<group>"; };
		E3C70D08277D73F100ED4D64 /* Parser.swift */ = {isa = PBXFileReference; lastKnownFileType = sourcecode.swift; path = Parser.swift; sourceTree = "<group>"; };
/* End PBXFileReference section */

/* Begin PBXFrameworksBuildPhase section */
		E3AEB09C277C1A86006E58FB /* Frameworks */ = {
			isa = PBXFrameworksBuildPhase;
			buildActionMask = 2147483647;
			files = (
				1CB911EAFC912F9D57A1A683 /* Pods_KR_EN_dic.framework in Frameworks */,
			);
			runOnlyForDeploymentPostprocessing = 0;
		};
/* End PBXFrameworksBuildPhase section */

/* Begin PBXGroup section */
		B80CB6DF21B3A3F3A9AB3A7E /* Pods */ = {
			isa = PBXGroup;
			children = (
				8D81AD581B0D98EE40020A74 /* Pods-KR-EN dic.debug.xcconfig */,
				0281041B8D8A6936E1081ACF /* Pods-KR-EN dic.release.xcconfig */,
			);
			path = Pods;
			sourceTree = "<group>";
		};
		E3AEB096277C1A86006E58FB = {
			isa = PBXGroup;
			children = (
				E3AEB0A1277C1A86006E58FB /* KR-EN dic */,
				E3AEB0A0277C1A86006E58FB /* Products */,
				B80CB6DF21B3A3F3A9AB3A7E /* Pods */,
				F7736FDDF2A97B7E5DB3CACA /* Frameworks */,
			);
			sourceTree = "<group>";
		};
		E3AEB0A0277C1A86006E58FB /* Products */ = {
			isa = PBXGroup;
			children = (
				E3AEB09F277C1A86006E58FB /* KR-EN dic.app */,
			);
			name = Products;
			sourceTree = "<group>";
		};
		E3AEB0A1277C1A86006E58FB /* KR-EN dic */ = {
			isa = PBXGroup;
			children = (
				E3AEB0A2277C1A86006E58FB /* KR_EN_dicApp.swift */,
				E3AEB0A4277C1A86006E58FB /* ContentView.swift */,
				E3AEB0B0277C33D0006E58FB /* KRDict.swift */,
				E3C70D08277D73F100ED4D64 /* Parser.swift */,
				E3AEB0A6277C1A87006E58FB /* Assets.xcassets */,
				E3AEB0A8277C1A87006E58FB /* Preview Content */,
			);
			path = "KR-EN dic";
			sourceTree = "<group>";
		};
		E3AEB0A8277C1A87006E58FB /* Preview Content */ = {
			isa = PBXGroup;
			children = (
				E3AEB0A9277C1A87006E58FB /* Preview Assets.xcassets */,
			);
			path = "Preview Content";
			sourceTree = "<group>";
		};
		F7736FDDF2A97B7E5DB3CACA /* Frameworks */ = {
			isa = PBXGroup;
			children = (
				0B314090BFBAA91408F176B1 /* Pods_KR_EN_dic.framework */,
			);
			name = Frameworks;
			sourceTree = "<group>";
		};
/* End PBXGroup section */

/* Begin PBXNativeTarget section */
		E3AEB09E277C1A86006E58FB /* KR-EN dic */ = {
			isa = PBXNativeTarget;
			buildConfigurationList = E3AEB0AD277C1A87006E58FB /* Build configuration list for PBXNativeTarget "KR-EN dic" */;
			buildPhases = (
				9A557A13C3585AB9E908BFD8 /* [CP] Check Pods Manifest.lock */,
				E3AEB09B277C1A86006E58FB /* Sources */,
				E3AEB09C277C1A86006E58FB /* Frameworks */,
				E3AEB09D277C1A86006E58FB /* Resources */,
				9F00FCA214AF58447DD16587 /* [CP] Embed Pods Frameworks */,
			);
			buildRules = (
			);
			dependencies = (
			);
			name = "KR-EN dic";
			productName = "KR-EN dic";
			productReference = E3AEB09F277C1A86006E58FB /* KR-EN dic.app */;
			productType = "com.apple.product-type.application";
		};
/* End PBXNativeTarget section */

/* Begin PBXProject section */
		E3AEB097277C1A86006E58FB /* Project object */ = {
			isa = PBXProject;
			attributes = {
				BuildIndependentTargetsInParallel = 1;
				LastSwiftUpdateCheck = 1320;
				LastUpgradeCheck = 1320;
				TargetAttributes = {
					E3AEB09E277C1A86006E58FB = {
						CreatedOnToolsVersion = 13.2.1;
					};
				};
			};
			buildConfigurationList = E3AEB09A277C1A86006E58FB /* Build configuration list for PBXProject "KR-EN dic" */;
			compatibilityVersion = "Xcode 13.0";
			developmentRegion = en;
			hasScannedForEncodings = 0;
			knownRegions = (
				en,
				Base,
			);
			mainGroup = E3AEB096277C1A86006E58FB;
			productRefGroup = E3AEB0A0277C1A86006E58FB /* Products */;
			projectDirPath = "";
			projectRoot = "";
			targets = (
				E3AEB09E277C1A86006E58FB /* KR-EN dic */,
			);
		};
/* End PBXProject section */

/* Begin PBXResourcesBuildPhase section */
		E3AEB09D277C1A86006E58FB /* Resources */ = {
			isa = PBXResourcesBuildPhase;
			buildActionMask = 2147483647;
			files = (
				E3AEB0AA277C1A87006E58FB /* Preview Assets.xcassets in Resources */,
				E3AEB0A7277C1A87006E58FB /* Assets.xcassets in Resources */,
			);
			runOnlyForDeploymentPostprocessing = 0;
		};
/* End PBXResourcesBuildPhase section */

/* Begin PBXShellScriptBuildPhase section */
		9A557A13C3585AB9E908BFD8 /* [CP] Check Pods Manifest.lock */ = {
			isa = PBXShellScriptBuildPhase;
			buildActionMask = 2147483647;
			files = (
			);
			inputFileListPaths = (
			);
			inputPaths = (
				"${PODS_PODFILE_DIR_PATH}/Podfile.lock",
				"${PODS_ROOT}/Manifest.lock",
			);
			name = "[CP] Check Pods Manifest.lock";
			outputFileListPaths = (
			);
			outputPaths = (
				"$(DERIVED_FILE_DIR)/Pods-KR-EN dic-checkManifestLockResult.txt",
			);
			runOnlyForDeploymentPostprocessing = 0;
			shellPath = /bin/sh;
			shellScript = "diff \"${PODS_PODFILE_DIR_PATH}/Podfile.lock\" \"${PODS_ROOT}/Manifest.lock\" > /dev/null\nif [ $? != 0 ] ; then\n    # print error to STDERR\n    echo \"error: The sandbox is not in sync with the Podfile.lock. Run 'pod install' or update your CocoaPods installation.\" >&2\n    exit 1\nfi\n# This output is used by Xcode 'outputs' to avoid re-running this script phase.\necho \"SUCCESS\" > \"${SCRIPT_OUTPUT_FILE_0}\"\n";
			showEnvVarsInLog = 0;
		};
		9F00FCA214AF58447DD16587 /* [CP] Embed Pods Frameworks */ = {
			isa = PBXShellScriptBuildPhase;
			buildActionMask = 2147483647;
			files = (
			);
			inputFileListPaths = (
				"${PODS_ROOT}/Target Support Files/Pods-KR-EN dic/Pods-KR-EN dic-frameworks-${CONFIGURATION}-input-files.xcfilelist",
			);
			name = "[CP] Embed Pods Frameworks";
			outputFileListPaths = (
				"${PODS_ROOT}/Target Support Files/Pods-KR-EN dic/Pods-KR-EN dic-frameworks-${CONFIGURATION}-output-files.xcfilelist",
			);
			runOnlyForDeploymentPostprocessing = 0;
			shellPath = /bin/sh;
			shellScript = "\"${PODS_ROOT}/Target Support Files/Pods-KR-EN dic/Pods-KR-EN dic-frameworks.sh\"\n";
			showEnvVarsInLog = 0;
		};
/* End PBXShellScriptBuildPhase section */

/* Begin PBXSourcesBuildPhase section */
		E3AEB09B277C1A86006E58FB /* Sources */ = {
			isa = PBXSourcesBuildPhase;
			buildActionMask = 2147483647;
			files = (
				E3C70D09277D73F100ED4D64 /* Parser.swift in Sources */,
				E3AEB0B1277C33D0006E58FB /* KRDict.swift in Sources */,
				E3AEB0A5277C1A86006E58FB /* ContentView.swift in Sources */,
				E3AEB0A3277C1A86006E58FB /* KR_EN_dicApp.swift in Sources */,
			);
			runOnlyForDeploymentPostprocessing = 0;
		};
/* End PBXSourcesBuildPhase section */

/* Begin XCBuildConfiguration section */
		E3AEB0AB277C1A87006E58FB /* Debug */ = {
			isa = XCBuildConfiguration;
			buildSettings = {
				ALWAYS_SEARCH_USER_PATHS = NO;
				CLANG_ANALYZER_NONNULL = YES;
				CLANG_ANALYZER_NUMBER_OBJECT_CONVERSION = YES_AGGRESSIVE;
				CLANG_CXX_LANGUAGE_STANDARD = "gnu++17";
				CLANG_CXX_LIBRARY = "libc++";
				CLANG_ENABLE_MODULES = YES;
				CLANG_ENABLE_OBJC_ARC = YES;
				CLANG_ENABLE_OBJC_WEAK = YES;
				CLANG_WARN_BLOCK_CAPTURE_AUTORELEASING = YES;
				CLANG_WARN_BOOL_CONVERSION = YES;
				CLANG_WARN_COMMA = YES;
				CLANG_WARN_CONSTANT_CONVERSION = YES;
				CLANG_WARN_DEPRECATED_OBJC_IMPLEMENTATIONS = YES;
				CLANG_WARN_DIRECT_OBJC_ISA_USAGE = YES_ERROR;
				CLANG_WARN_DOCUMENTATION_COMMENTS = YES;
				CLANG_WARN_EMPTY_BODY = YES;
				CLANG_WARN_ENUM_CONVERSION = YES;
				CLANG_WARN_INFINITE_RECURSION = YES;
				CLANG_WARN_INT_CONVERSION = YES;
				CLANG_WARN_NON_LITERAL_NULL_CONVERSION = YES;
				CLANG_WARN_OBJC_IMPLICIT_RETAIN_SELF = YES;
				CLANG_WARN_OBJC_LITERAL_CONVERSION = YES;
				CLANG_WARN_OBJC_ROOT_CLASS = YES_ERROR;
				CLANG_WARN_QUOTED_INCLUDE_IN_FRAMEWORK_HEADER = YES;
				CLANG_WARN_RANGE_LOOP_ANALYSIS = YES;
				CLANG_WARN_STRICT_PROTOTYPES = YES;
				CLANG_WARN_SUSPICIOUS_MOVE = YES;
				CLANG_WARN_UNGUARDED_AVAILABILITY = YES_AGGRESSIVE;
				CLANG_WARN_UNREACHABLE_CODE = YES;
				CLANG_WARN__DUPLICATE_METHOD_MATCH = YES;
				COPY_PHASE_STRIP = NO;
				DEBUG_INFORMATION_FORMAT = dwarf;
				ENABLE_STRICT_OBJC_MSGSEND = YES;
				ENABLE_TESTABILITY = YES;
				GCC_C_LANGUAGE_STANDARD = gnu11;
				GCC_DYNAMIC_NO_PIC = NO;
				GCC_NO_COMMON_BLOCKS = YES;
				GCC_OPTIMIZATION_LEVEL = 0;
				GCC_PREPROCESSOR_DEFINITIONS = (
					"DEBUG=1",
					"$(inherited)",
				);
				GCC_WARN_64_TO_32_BIT_CONVERSION = YES;
				GCC_WARN_ABOUT_RETURN_TYPE = YES_ERROR;
				GCC_WARN_UNDECLARED_SELECTOR = YES;
				GCC_WARN_UNINITIALIZED_AUTOS = YES_AGGRESSIVE;
				GCC_WARN_UNUSED_FUNCTION = YES;
				GCC_WARN_UNUSED_VARIABLE = YES;
				IPHONEOS_DEPLOYMENT_TARGET = 15.2;
				MTL_ENABLE_DEBUG_INFO = INCLUDE_SOURCE;
				MTL_FAST_MATH = YES;
				ONLY_ACTIVE_ARCH = YES;
				SDKROOT = iphoneos;
				SWIFT_ACTIVE_COMPILATION_CONDITIONS = DEBUG;
				SWIFT_OPTIMIZATION_LEVEL = "-Onone";
			};
			name = Debug;
		};
		E3AEB0AC277C1A87006E58FB /* Release */ = {
			isa = XCBuildConfiguration;
			buildSettings = {
				ALWAYS_SEARCH_USER_PATHS = NO;
				CLANG_ANALYZER_NONNULL = YES;
				CLANG_ANALYZER_NUMBER_OBJECT_CONVERSION = YES_AGGRESSIVE;
				CLANG_CXX_LANGUAGE_STANDARD = "gnu++17";
				CLANG_CXX_LIBRARY = "libc++";
				CLANG_ENABLE_MODULES = YES;
				CLANG_ENABLE_OBJC_ARC = YES;
				CLANG_ENABLE_OBJC_WEAK = YES;
				CLANG_WARN_BLOCK_CAPTURE_AUTORELEASING = YES;
				CLANG_WARN_BOOL_CONVERSION = YES;
				CLANG_WARN_COMMA = YES;
				CLANG_WARN_CONSTANT_CONVERSION = YES;
				CLANG_WARN_DEPRECATED_OBJC_IMPLEMENTATIONS = YES;
				CLANG_WARN_DIRECT_OBJC_ISA_USAGE = YES_ERROR;
				CLANG_WARN_DOCUMENTATION_COMMENTS = YES;
				CLANG_WARN_EMPTY_BODY = YES;
				CLANG_WARN_ENUM_CONVERSION = YES;
				CLANG_WARN_INFINITE_RECURSION = YES;
				CLANG_WARN_INT_CONVERSION = YES;
				CLANG_WARN_NON_LITERAL_NULL_CONVERSION = YES;
				CLANG_WARN_OBJC_IMPLICIT_RETAIN_SELF = YES;
				CLANG_WARN_OBJC_LITERAL_CONVERSION = YES;
				CLANG_WARN_OBJC_ROOT_CLASS = YES_ERROR;
				CLANG_WARN_QUOTED_INCLUDE_IN_FRAMEWORK_HEADER = YES;
				CLANG_WARN_RANGE_LOOP_ANALYSIS = YES;
				CLANG_WARN_STRICT_PROTOTYPES = YES;
				CLANG_WARN_SUSPICIOUS_MOVE = YES;
				CLANG_WARN_UNGUARDED_AVAILABILITY = YES_AGGRESSIVE;
				CLANG_WARN_UNREACHABLE_CODE = YES;
				CLANG_WARN__DUPLICATE_METHOD_MATCH = YES;
				COPY_PHASE_STRIP = NO;
				DEBUG_INFORMATION_FORMAT = "dwarf-with-dsym";
				ENABLE_NS_ASSERTIONS = NO;
				ENABLE_STRICT_OBJC_MSGSEND = YES;
				GCC_C_LANGUAGE_STANDARD = gnu11;
				GCC_NO_COMMON_BLOCKS = YES;
				GCC_WARN_64_TO_32_BIT_CONVERSION = YES;
				GCC_WARN_ABOUT_RETURN_TYPE = YES_ERROR;
				GCC_WARN_UNDECLARED_SELECTOR = YES;
				GCC_WARN_UNINITIALIZED_AUTOS = YES_AGGRESSIVE;
				GCC_WARN_UNUSED_FUNCTION = YES;
				GCC_WARN_UNUSED_VARIABLE = YES;
				IPHONEOS_DEPLOYMENT_TARGET = 15.2;
				MTL_ENABLE_DEBUG_INFO = NO;
				MTL_FAST_MATH = YES;
				SDKROOT = iphoneos;
				SWIFT_COMPILATION_MODE = wholemodule;
				SWIFT_OPTIMIZATION_LEVEL = "-O";
				VALIDATE_PRODUCT = YES;
			};
			name = Release;
		};
		E3AEB0AE277C1A87006E58FB /* Debug */ = {
			isa = XCBuildConfiguration;
			baseConfigurationReference = 8D81AD581B0D98EE40020A74 /* Pods-KR-EN dic.debug.xcconfig */;
			buildSettings = {
				ASSETCATALOG_COMPILER_APPICON_NAME = AppIcon;
				ASSETCATALOG_COMPILER_GLOBAL_ACCENT_COLOR_NAME = AccentColor;
				CODE_SIGN_STYLE = Automatic;
				CURRENT_PROJECT_VERSION = 1;
				DEVELOPMENT_ASSET_PATHS = "\"KR-EN dic/Preview Content\"";
				DEVELOPMENT_TEAM = DD4UBSQHA8;
				ENABLE_PREVIEWS = YES;
				GENERATE_INFOPLIST_FILE = YES;
				INFOPLIST_KEY_UIApplicationSceneManifest_Generation = YES;
				INFOPLIST_KEY_UIApplicationSupportsIndirectInputEvents = YES;
				INFOPLIST_KEY_UILaunchScreen_Generation = YES;
				INFOPLIST_KEY_UISupportedInterfaceOrientations = UIInterfaceOrientationPortrait;
				INFOPLIST_KEY_UISupportedInterfaceOrientations_iPad = "UIInterfaceOrientationPortrait UIInterfaceOrientationPortraitUpsideDown UIInterfaceOrientationLandscapeLeft UIInterfaceOrientationLandscapeRight";
				INFOPLIST_KEY_UISupportedInterfaceOrientations_iPhone = "UIInterfaceOrientationPortrait UIInterfaceOrientationLandscapeLeft UIInterfaceOrientationLandscapeRight";
				LD_RUNPATH_SEARCH_PATHS = (
					"$(inherited)",
					"@executable_path/Frameworks",
				);
				MARKETING_VERSION = 1.0;
				PRODUCT_BUNDLE_IDENTIFIER = "linerlin.KR-EN-dic";
				PRODUCT_NAME = "$(TARGET_NAME)";
				SWIFT_EMIT_LOC_STRINGS = YES;
				SWIFT_VERSION = 5.0;
				TARGETED_DEVICE_FAMILY = 1;
			};
			name = Debug;
		};
		E3AEB0AF277C1A87006E58FB /* Release */ = {
			isa = XCBuildConfiguration;
			baseConfigurationReference = 0281041B8D8A6936E1081ACF /* Pods-KR-EN dic.release.xcconfig */;
			buildSettings = {
				ASSETCATALOG_COMPILER_APPICON_NAME = AppIcon;
				ASSETCATALOG_COMPILER_GLOBAL_ACCENT_COLOR_NAME = AccentColor;
				CODE_SIGN_STYLE = Automatic;
				CURRENT_PROJECT_VERSION = 1;
				DEVELOPMENT_ASSET_PATHS = "\"KR-EN dic/Preview Content\"";
				DEVELOPMENT_TEAM = DD4UBSQHA8;
				ENABLE_PREVIEWS = YES;
				GENERATE_INFOPLIST_FILE = YES;
				INFOPLIST_KEY_UIApplicationSceneManifest_Generation = YES;
				INFOPLIST_KEY_UIApplicationSupportsIndirectInputEvents = YES;
				INFOPLIST_KEY_UILaunchScreen_Generation = YES;
				INFOPLIST_KEY_UISupportedInterfaceOrientations = UIInterfaceOrientationPortrait;
				INFOPLIST_KEY_UISupportedInterfaceOrientations_iPad = "UIInterfaceOrientationPortrait UIInterfaceOrientationPortraitUpsideDown UIInterfaceOrientationLandscapeLeft UIInterfaceOrientationLandscapeRight";
				INFOPLIST_KEY_UISupportedInterfaceOrientations_iPhone = "UIInterfaceOrientationPortrait UIInterfaceOrientationLandscapeLeft UIInterfaceOrientationLandscapeRight";
				LD_RUNPATH_SEARCH_PATHS = (
					"$(inherited)",
					"@executable_path/Frameworks",
				);
				MARKETING_VERSION = 1.0;
				PRODUCT_BUNDLE_IDENTIFIER = "linerlin.KR-EN-dic";
				PRODUCT_NAME = "$(TARGET_NAME)";
				SWIFT_EMIT_LOC_STRINGS = YES;
				SWIFT_VERSION = 5.0;
				TARGETED_DEVICE_FAMILY = 1;
			};
			name = Release;
		};
/* End XCBuildConfiguration section */

/* Begin XCConfigurationList section */
		E3AEB09A277C1A86006E58FB /* Build configuration list for PBXProject "KR-EN dic" */ = {
			isa = XCConfigurationList;
			buildConfigurations = (
				E3AEB0AB277C1A87006E58FB /* Debug */,
				E3AEB0AC277C1A87006E58FB /* Release */,
			);
			defaultConfigurationIsVisible = 0;
			defaultConfigurationName = Release;
		};
		E3AEB0AD277C1A87006E58FB /* Build configuration list for PBXNativeTarget "KR-EN dic" */ = {
			isa = XCConfigurationList;
			buildConfigurations = (
				E3AEB0AE277C1A87006E58FB /* Debug */,
				E3AEB0AF277C1A87006E58FB /* Release */,
			);
			defaultConfigurationIsVisible = 0;
			defaultConfigurationName = Release;
		};
/* End XCConfigurationList section */
	};
	rootObject = E3AEB097277C1A86006E58FB /* Project object */;
}
